
Microsoft Visual Studio Solution File, Format Version 12.00
# Visual Studio 15
VisualStudioVersion = 15.0.27703.2000
MinimumVisualStudioVersion = 10.0.40219.1
Project("{FAE04EC0-301F-11D3-BF4B-00C04F79EFBC}") = "CursorShowValues", "CursorShowValues.csproj", "{AAB70714-83CC-4E09-BD09-E1DBC8AECF68}"
EndProject
Project("{2150E333-8FDC-42A3-9474-1A3956D46DE8}") = "NuGet", "NuGet", "{C30390A8-324A-4CAE-85F6-80735A010FD8}"
	ProjectSection(SolutionItems) = preProject
		nuget.config = nuget.config
	EndProjectSection
EndProject
Global
	GlobalSection(SolutionConfigurationPlatforms) = preSolution
		Debug|Any CPU = Debug|Any CPU
		Release|Any CPU = Release|Any CPU
	EndGlobalSection
	GlobalSection(ProjectConfigurationPlatforms) = postSolution
		{AAB70714-83CC-4E09-BD09-E1DBC8AECF68}.Debug|Any CPU.ActiveCfg = Debug|Any CPU
		{AAB70714-83CC-4E09-BD09-E1DBC8AECF68}.Debug|Any CPU.Build.0 = Debug|Any CPU
		{AAB70714-83CC-4E09-BD09-E1DBC8AECF68}.Release|Any CPU.ActiveCfg = Release|Any CPU
		{AAB70714-83CC-4E09-BD09-E1DBC8AECF68}.Release|Any CPU.Build.0 = Release|Any CPU
	EndGlobalSection
	GlobalSection(SolutionProperties) = preSolution
		HideSolutionNode = FALSE
	EndGlobalSection
	GlobalSection(ExtensibilityGlobals) = postSolution
		SolutionGuid = {239E54DA-5109-48E3-AB20-F3E5957AA1B0}
	EndGlobalSection
EndGlobal
