
Microsoft Visual Studio Solution File, Format Version 12.00
# Visual Studio 15
VisualStudioVersion = 15.0.27703.2000
MinimumVisualStudioVersion = 10.0.40219.1
Project("{FAE04EC0-301F-11D3-BF4B-00C04F79EFBC}") = "ConnectingToMySql", "ConnectingToMySql.csproj", "{32DFDD2C-B596-4C6A-A47F-6F239CB7985C}"
EndProject
Project("{2150E333-8FDC-42A3-9474-1A3956D46DE8}") = "NuGet", "NuGet", "{5E7B27E9-7ABD-48B5-A87F-90B320ACB71F}"
	ProjectSection(SolutionItems) = preProject
		nuget.config = nuget.config
	EndProjectSection
EndProject
Global
	GlobalSection(SolutionConfigurationPlatforms) = preSolution
		Debug|Any CPU = Debug|Any CPU
		Debug|x64 = Debug|x64
		Release|Any CPU = Release|Any CPU
		Release|x64 = Release|x64
	EndGlobalSection
	GlobalSection(ProjectConfigurationPlatforms) = postSolution
		{32DFDD2C-B596-4C6A-A47F-6F239CB7985C}.Debug|Any CPU.ActiveCfg = Debug|Any CPU
		{32DFDD2C-B596-4C6A-A47F-6F239CB7985C}.Debug|Any CPU.Build.0 = Debug|Any CPU
		{32DFDD2C-B596-4C6A-A47F-6F239CB7985C}.Debug|x64.ActiveCfg = Debug|Any CPU
		{32DFDD2C-B596-4C6A-A47F-6F239CB7985C}.Debug|x64.Build.0 = Debug|Any CPU
		{32DFDD2C-B596-4C6A-A47F-6F239CB7985C}.Release|Any CPU.ActiveCfg = Release|Any CPU
		{32DFDD2C-B596-4C6A-A47F-6F239CB7985C}.Release|Any CPU.Build.0 = Release|Any CPU
		{32DFDD2C-B596-4C6A-A47F-6F239CB7985C}.Release|x64.ActiveCfg = Release|Any CPU
		{32DFDD2C-B596-4C6A-A47F-6F239CB7985C}.Release|x64.Build.0 = Release|Any CPU
	EndGlobalSection
	GlobalSection(SolutionProperties) = preSolution
		HideSolutionNode = FALSE
	EndGlobalSection
	GlobalSection(ExtensibilityGlobals) = postSolution
		SolutionGuid = {743A272D-C863-4C26-8AF5-F2C8AEB625AD}
	EndGlobalSection
EndGlobal
