
Microsoft Visual Studio Solution File, Format Version 12.00
# Visual Studio 15
VisualStudioVersion = 15.0.27703.2042
MinimumVisualStudioVersion = 10.0.40219.1
Project("{FAE04EC0-301F-11D3-BF4B-00C04F79EFBC}") = "DashBoard", "DashBoard.csproj", "{B07FD5DE-E774-4747-BC2B-671470D5C473}"
EndProject
Project("{2150E333-8FDC-42A3-9474-1A3956D46DE8}") = "NuGet", "NuGet", "{81545EC9-3B12-4248-AC64-4FF4F45B8C38}"
	ProjectSection(SolutionItems) = preProject
		nuget.config = nuget.config
	EndProjectSection
EndProject
Global
	GlobalSection(SolutionConfigurationPlatforms) = preSolution
		Debug|Any CPU = Debug|Any CPU
		Debug|x64 = Debug|x64
		Release|Any CPU = Release|Any CPU
		Release|x64 = Release|x64
	EndGlobalSection
	GlobalSection(ProjectConfigurationPlatforms) = postSolution
		{B07FD5DE-E774-4747-BC2B-671470D5C473}.Debug|Any CPU.ActiveCfg = Debug|Any CPU
		{B07FD5DE-E774-4747-BC2B-671470D5C473}.Debug|Any CPU.Build.0 = Debug|Any CPU
		{B07FD5DE-E774-4747-BC2B-671470D5C473}.Debug|x64.ActiveCfg = Debug|Any CPU
		{B07FD5DE-E774-4747-BC2B-671470D5C473}.Debug|x64.Build.0 = Debug|Any CPU
		{B07FD5DE-E774-4747-BC2B-671470D5C473}.Release|Any CPU.ActiveCfg = Release|Any CPU
		{B07FD5DE-E774-4747-BC2B-671470D5C473}.Release|Any CPU.Build.0 = Release|Any CPU
		{B07FD5DE-E774-4747-BC2B-671470D5C473}.Release|x64.ActiveCfg = Release|Any CPU
		{B07FD5DE-E774-4747-BC2B-671470D5C473}.Release|x64.Build.0 = Release|Any CPU
	EndGlobalSection
	GlobalSection(SolutionProperties) = preSolution
		HideSolutionNode = FALSE
	EndGlobalSection
	GlobalSection(ExtensibilityGlobals) = postSolution
		SolutionGuid = {9FE2EFF2-9630-4095-AC31-2C66682E7A2C}
	EndGlobalSection
EndGlobal
