
Microsoft Visual Studio Solution File, Format Version 12.00
# Visual Studio 15
VisualStudioVersion = 15.0.27703.2000
MinimumVisualStudioVersion = 10.0.40219.1
Project("{FAE04EC0-301F-11D3-BF4B-00C04F79EFBC}") = "LinkingCharts", "LinkingCharts.csproj", "{16CA8B07-A6FF-4895-9137-CB8C8A859A70}"
EndProject
Project("{2150E333-8FDC-42A3-9474-1A3956D46DE8}") = "NuGet", "NuGet", "{C81F3F06-8079-4F05-B51C-FDAB82E4FBF2}"
	ProjectSection(SolutionItems) = preProject
		nuget.config = nuget.config
	EndProjectSection
EndProject
Global
	GlobalSection(SolutionConfigurationPlatforms) = preSolution
		Debug|Any CPU = Debug|Any CPU
		Release|Any CPU = Release|Any CPU
	EndGlobalSection
	GlobalSection(ProjectConfigurationPlatforms) = postSolution
		{16CA8B07-A6FF-4895-9137-CB8C8A859A70}.Debug|Any CPU.ActiveCfg = Debug|Any CPU
		{16CA8B07-A6FF-4895-9137-CB8C8A859A70}.Debug|Any CPU.Build.0 = Debug|Any CPU
		{16CA8B07-A6FF-4895-9137-CB8C8A859A70}.Release|Any CPU.ActiveCfg = Release|Any CPU
		{16CA8B07-A6FF-4895-9137-CB8C8A859A70}.Release|Any CPU.Build.0 = Release|Any CPU
	EndGlobalSection
	GlobalSection(SolutionProperties) = preSolution
		HideSolutionNode = FALSE
	EndGlobalSection
	GlobalSection(ExtensibilityGlobals) = postSolution
		SolutionGuid = {89699247-7FEC-4E22-A3CD-F495C19506C4}
	EndGlobalSection
EndGlobal
